
Microsoft Visual Studio Solution File, Format Version 12.00
# Visual Studio Version 17
VisualStudioVersion = 17.5.33516.290
MinimumVisualStudioVersion = 10.0.40219.1
Project("{8BC9CEB8-8B4A-11D0-8D11-00A0C91BC942}") = "PG評価課題2", "PG評価課題2.vcxproj", "{3485D8B9-BF22-498D-81E1-3AEBDC9952CD}"
EndProject
Global
	GlobalSection(SolutionConfigurationPlatforms) = preSolution
		Debug|x64 = Debug|x64
		Release|x64 = Release|x64
	EndGlobalSection
	GlobalSection(ProjectConfigurationPlatforms) = postSolution
		{3485D8B9-BF22-498D-81E1-3AEBDC9952CD}.Debug|x64.ActiveCfg = Debug|x64
		{3485D8B9-BF22-498D-81E1-3AEBDC9952CD}.Debug|x64.Build.0 = Debug|x64
		{3485D8B9-BF22-498D-81E1-3AEBDC9952CD}.Release|x64.ActiveCfg = Release|x64
		{3485D8B9-BF22-498D-81E1-3AEBDC9952CD}.Release|x64.Build.0 = Release|x64
	EndGlobalSection
	GlobalSection(SolutionProperties) = preSolution
		HideSolutionNode = FALSE
	EndGlobalSection
	GlobalSection(ExtensibilityGlobals) = postSolution
		SolutionGuid = {D532C967-8A1A-485E-8F92-22F665EB2D2E}
	EndGlobalSection
EndGlobal
